// !$*UTF8*$!
{
	archiveVersion = 1;
	classes = {
	};
	objectVersion = 56;
	objects = {

/* Begin PBXBuildFile section */
		69DB006E2B0FAF22004A3014 /* SimpleTaskApp.swift in Sources */ = {isa = PBXBuildFile; fileRef = 69DB006D2B0FAF22004A3014 /* SimpleTaskApp.swift */; };
		69DB00702B0FAF22004A3014 /* ContentView.swift in Sources */ = {isa = PBXBuildFile; fileRef = 69DB006F2B0FAF22004A3014 /* ContentView.swift */; };
		69DB00722B0FAF22004A3014 /* Assets.xcassets in Resources */ = {isa = PBXBuildFile; fileRef = 69DB00712B0FAF22004A3014 /* Assets.xcassets */; };
		69DB00752B0FAF22004A3014 /* Preview Assets.xcassets in Resources */ = {isa = PBXBuildFile; fileRef = 69DB00742B0FAF22004A3014 /* Preview Assets.xcassets */; };
		69DB00802B0FAF23004A3014 /* SimpleTaskTests.swift in Sources */ = {isa = PBXBuildFile; fileRef = 69DB007F2B0FAF23004A3014 /* SimpleTaskTests.swift */; };
		69DB008A2B0FAF23004A3014 /* SimpleTaskUITests.swift in Sources */ = {isa = PBXBuildFile; fileRef = 69DB00892B0FAF23004A3014 /* SimpleTaskUITests.swift */; };
		69DB008C2B0FAF23004A3014 /* SimpleTaskUITestsLaunchTests.swift in Sources */ = {isa = PBXBuildFile; fileRef = 69DB008B2B0FAF23004A3014 /* SimpleTaskUITestsLaunchTests.swift */; };
		69DB009A2B0FAF85004A3014 /* Task.swift in Sources */ = {isa = PBXBuildFile; fileRef = 69DB00992B0FAF85004A3014 /* Task.swift */; };
/* End PBXBuildFile section */

/* Begin PBXContainerItemProxy section */
		69DB007C2B0FAF23004A3014 /* PBXContainerItemProxy */ = {
			isa = PBXContainerItemProxy;
			containerPortal = 69DB00622B0FAF22004A3014 /* Project object */;
			proxyType = 1;
			remoteGlobalIDString = 69DB00692B0FAF22004A3014;
			remoteInfo = SimpleTask;
		};
		69DB00862B0FAF23004A3014 /* PBXContainerItemProxy */ = {
			isa = PBXContainerItemProxy;
			containerPortal = 69DB00622B0FAF22004A3014 /* Project object */;
			proxyType = 1;
			remoteGlobalIDString = 69DB00692B0FAF22004A3014;
			remoteInfo = SimpleTask;
		};
/* End PBXContainerItemProxy section */

/* Begin PBXFileReference section */
		69DB006A2B0FAF22004A3014 /* SimpleTask.app */ = {isa = PBXFileReference; explicitFileType = wrapper.application; includeInIndex = 0; path = SimpleTask.app; sourceTree = BUILT_PRODUCTS_DIR; };
		69DB006D2B0FAF22004A3014 /* SimpleTaskApp.swift */ = {isa = PBXFileReference; lastKnownFileType = sourcecode.swift; path = SimpleTaskApp.swift; sourceTree = "<group>"; };
		69DB006F2B0FAF22004A3014 /* ContentView.swift */ = {isa = PBXFileReference; lastKnownFileType = sourcecode.swift; path = ContentView.swift; sourceTree = "<group>"; };
		69DB00712B0FAF22004A3014 /* Assets.xcassets */ = {isa = PBXFileReference; lastKnownFileType = folder.assetcatalog; path = Assets.xcassets; sourceTree = "<group>"; };
		69DB00742B0FAF22004A3014 /* Preview Assets.xcassets */ = {isa = PBXFileReference; lastKnownFileType = folder.assetcatalog; path = "Preview Assets.xcassets"; sourceTree = "<group>"; };
		69DB00762B0FAF22004A3014 /* SimpleTask.entitlements */ = {isa = PBXFileReference; lastKnownFileType = text.plist.entitlements; path = SimpleTask.entitlements; sourceTree = "<group>"; };
		69DB007B2B0FAF23004A3014 /* SimpleTaskTests.xctest */ = {isa = PBXFileReference; explicitFileType = wrapper.cfbundle; includeInIndex = 0; path = SimpleTaskTests.xctest; sourceTree = BUILT_PRODUCTS_DIR; };
		69DB007F2B0FAF23004A3014 /* SimpleTaskTests.swift */ = {isa = PBXFileReference; lastKnownFileType = sourcecode.swift; path = SimpleTaskTests.swift; sourceTree = "<group>"; };
		69DB00852B0FAF23004A3014 /* SimpleTaskUITests.xctest */ = {isa = PBXFileReference; explicitFileType = wrapper.cfbundle; includeInIndex = 0; path = SimpleTaskUITests.xctest; sourceTree = BUILT_PRODUCTS_DIR; };
		69DB00892B0FAF23004A3014 /* SimpleTaskUITests.swift */ = {isa = PBXFileReference; lastKnownFileType = sourcecode.swift; path = SimpleTaskUITests.swift; sourceTree = "<group>"; };
		69DB008B2B0FAF23004A3014 /* SimpleTaskUITestsLaunchTests.swift */ = {isa = PBXFileReference; lastKnownFileType = sourcecode.swift; path = SimpleTaskUITestsLaunchTests.swift; sourceTree = "<group>"; };
		69DB00992B0FAF85004A3014 /* Task.swift */ = {isa = PBXFileReference; lastKnownFileType = sourcecode.swift; path = Task.swift; sourceTree = "<group>"; };
/* End PBXFileReference section */

/* Begin PBXFrameworksBuildPhase section */
		69DB00672B0FAF22004A3014 /* Frameworks */ = {
			isa = PBXFrameworksBuildPhase;
			buildActionMask = 2147483647;
			files = (
			);
			runOnlyForDeploymentPostprocessing = 0;
		};
		69DB00782B0FAF23004A3014 /* Frameworks */ = {
			isa = PBXFrameworksBuildPhase;
			buildActionMask = 2147483647;
			files = (
			);
			runOnlyForDeploymentPostprocessing = 0;
		};
		69DB00822B0FAF23004A3014 /* Frameworks */ = {
			isa = PBXFrameworksBuildPhase;
			buildActionMask = 2147483647;
			files = (
			);
			runOnlyForDeploymentPostprocessing = 0;
		};
/* End PBXFrameworksBuildPhase section */

/* Begin PBXGroup section */
		69DB00612B0FAF22004A3014 = {
			isa = PBXGroup;
			children = (
				69DB006C2B0FAF22004A3014 /* SimpleTask */,
				69DB007E2B0FAF23004A3014 /* SimpleTaskTests */,
				69DB00882B0FAF23004A3014 /* SimpleTaskUITests */,
				69DB006B2B0FAF22004A3014 /* Products */,
			);
			sourceTree = "<group>";
		};
		69DB006B2B0FAF22004A3014 /* Products */ = {
			isa = PBXGroup;
			children = (
				69DB006A2B0FAF22004A3014 /* SimpleTask.app */,
				69DB007B2B0FAF23004A3014 /* SimpleTaskTests.xctest */,
				69DB00852B0FAF23004A3014 /* SimpleTaskUITests.xctest */,
			);
			name = Products;
			sourceTree = "<group>";
		};
		69DB006C2B0FAF22004A3014 /* SimpleTask */ = {
			isa = PBXGroup;
			children = (
				69DB00982B0FAF74004A3014 /* Model */,
				69DB006D2B0FAF22004A3014 /* SimpleTaskApp.swift */,
				69DB006F2B0FAF22004A3014 /* ContentView.swift */,
				69DB00712B0FAF22004A3014 /* Assets.xcassets */,
				69DB00762B0FAF22004A3014 /* SimpleTask.entitlements */,
				69DB00732B0FAF22004A3014 /* Preview Content */,
			);
			path = SimpleTask;
			sourceTree = "<group>";
		};
		69DB00732B0FAF22004A3014 /* Preview Content */ = {
			isa = PBXGroup;
			children = (
				69DB00742B0FAF22004A3014 /* Preview Assets.xcassets */,
			);
			path = "Preview Content";
			sourceTree = "<group>";
		};
		69DB007E2B0FAF23004A3014 /* SimpleTaskTests */ = {
			isa = PBXGroup;
			children = (
				69DB007F2B0FAF23004A3014 /* SimpleTaskTests.swift */,
			);
			path = SimpleTaskTests;
			sourceTree = "<group>";
		};
		69DB00882B0FAF23004A3014 /* SimpleTaskUITests */ = {
			isa = PBXGroup;
			children = (
				69DB00892B0FAF23004A3014 /* SimpleTaskUITests.swift */,
				69DB008B2B0FAF23004A3014 /* SimpleTaskUITestsLaunchTests.swift */,
			);
			path = SimpleTaskUITests;
			sourceTree = "<group>";
		};
		69DB00982B0FAF74004A3014 /* Model */ = {
			isa = PBXGroup;
			children = (
				69DB00992B0FAF85004A3014 /* Task.swift */,
			);
			path = Model;
			sourceTree = "<group>";
		};
/* End PBXGroup section */

/* Begin PBXNativeTarget section */
		69DB00692B0FAF22004A3014 /* SimpleTask */ = {
			isa = PBXNativeTarget;
			buildConfigurationList = 69DB008F2B0FAF23004A3014 /* Build configuration list for PBXNativeTarget "SimpleTask" */;
			buildPhases = (
				69DB00662B0FAF22004A3014 /* Sources */,
				69DB00672B0FAF22004A3014 /* Frameworks */,
				69DB00682B0FAF22004A3014 /* Resources */,
			);
			buildRules = (
			);
			dependencies = (
			);
			name = SimpleTask;
			productName = SimpleTask;
			productReference = 69DB006A2B0FAF22004A3014 /* SimpleTask.app */;
			productType = "com.apple.product-type.application";
		};
		69DB007A2B0FAF23004A3014 /* SimpleTaskTests */ = {
			isa = PBXNativeTarget;
			buildConfigurationList = 69DB00922B0FAF23004A3014 /* Build configuration list for PBXNativeTarget "SimpleTaskTests" */;
			buildPhases = (
				69DB00772B0FAF23004A3014 /* Sources */,
				69DB00782B0FAF23004A3014 /* Frameworks */,
				69DB00792B0FAF23004A3014 /* Resources */,
			);
			buildRules = (
			);
			dependencies = (
				69DB007D2B0FAF23004A3014 /* PBXTargetDependency */,
			);
			name = SimpleTaskTests;
			productName = SimpleTaskTests;
			productReference = 69DB007B2B0FAF23004A3014 /* SimpleTaskTests.xctest */;
			productType = "com.apple.product-type.bundle.unit-test";
		};
		69DB00842B0FAF23004A3014 /* SimpleTaskUITests */ = {
			isa = PBXNativeTarget;
			buildConfigurationList = 69DB00952B0FAF23004A3014 /* Build configuration list for PBXNativeTarget "SimpleTaskUITests" */;
			buildPhases = (
				69DB00812B0FAF23004A3014 /* Sources */,
				69DB00822B0FAF23004A3014 /* Frameworks */,
				69DB00832B0FAF23004A3014 /* Resources */,
			);
			buildRules = (
			);
			dependencies = (
				69DB00872B0FAF23004A3014 /* PBXTargetDependency */,
			);
			name = SimpleTaskUITests;
			productName = SimpleTaskUITests;
			productReference = 69DB00852B0FAF23004A3014 /* SimpleTaskUITests.xctest */;
			productType = "com.apple.product-type.bundle.ui-testing";
		};
/* End PBXNativeTarget section */

/* Begin PBXProject section */
		69DB00622B0FAF22004A3014 /* Project object */ = {
			isa = PBXProject;
			attributes = {
				BuildIndependentTargetsInParallel = 1;
				LastSwiftUpdateCheck = 1500;
				LastUpgradeCheck = 1500;
				TargetAttributes = {
					69DB00692B0FAF22004A3014 = {
						CreatedOnToolsVersion = 15.0.1;
					};
					69DB007A2B0FAF23004A3014 = {
						CreatedOnToolsVersion = 15.0.1;
						TestTargetID = 69DB00692B0FAF22004A3014;
					};
					69DB00842B0FAF23004A3014 = {
						CreatedOnToolsVersion = 15.0.1;
						TestTargetID = 69DB00692B0FAF22004A3014;
					};
				};
			};
			buildConfigurationList = 69DB00652B0FAF22004A3014 /* Build configuration list for PBXProject "SimpleTask" */;
			compatibilityVersion = "Xcode 14.0";
			developmentRegion = en;
			hasScannedForEncodings = 0;
			knownRegions = (
				en,
				Base,
			);
			mainGroup = 69DB00612B0FAF22004A3014;
			productRefGroup = 69DB006B2B0FAF22004A3014 /* Products */;
			projectDirPath = "";
			projectRoot = "";
			targets = (
				69DB00692B0FAF22004A3014 /* SimpleTask */,
				69DB007A2B0FAF23004A3014 /* SimpleTaskTests */,
				69DB00842B0FAF23004A3014 /* SimpleTaskUITests */,
			);
		};
/* End PBXProject section */

/* Begin PBXResourcesBuildPhase section */
		69DB00682B0FAF22004A3014 /* Resources */ = {
			isa = PBXResourcesBuildPhase;
			buildActionMask = 2147483647;
			files = (
				69DB00752B0FAF22004A3014 /* Preview Assets.xcassets in Resources */,
				69DB00722B0FAF22004A3014 /* Assets.xcassets in Resources */,
			);
			runOnlyForDeploymentPostprocessing = 0;
		};
		69DB00792B0FAF23004A3014 /* Resources */ = {
			isa = PBXResourcesBuildPhase;
			buildActionMask = 2147483647;
			files = (
			);
			runOnlyForDeploymentPostprocessing = 0;
		};
		69DB00832B0FAF23004A3014 /* Resources */ = {
			isa = PBXResourcesBuildPhase;
			buildActionMask = 2147483647;
			files = (
			);
			runOnlyForDeploymentPostprocessing = 0;
		};
/* End PBXResourcesBuildPhase section */

/* Begin PBXSourcesBuildPhase section */
		69DB00662B0FAF22004A3014 /* Sources */ = {
			isa = PBXSourcesBuildPhase;
			buildActionMask = 2147483647;
			files = (
				69DB00702B0FAF22004A3014 /* ContentView.swift in Sources */,
				69DB009A2B0FAF85004A3014 /* Task.swift in Sources */,
				69DB006E2B0FAF22004A3014 /* SimpleTaskApp.swift in Sources */,
			);
			runOnlyForDeploymentPostprocessing = 0;
		};
		69DB00772B0FAF23004A3014 /* Sources */ = {
			isa = PBXSourcesBuildPhase;
			buildActionMask = 2147483647;
			files = (
				69DB00802B0FAF23004A3014 /* SimpleTaskTests.swift in Sources */,
			);
			runOnlyForDeploymentPostprocessing = 0;
		};
		69DB00812B0FAF23004A3014 /* Sources */ = {
			isa = PBXSourcesBuildPhase;
			buildActionMask = 2147483647;
			files = (
				69DB008A2B0FAF23004A3014 /* SimpleTaskUITests.swift in Sources */,
				69DB008C2B0FAF23004A3014 /* SimpleTaskUITestsLaunchTests.swift in Sources */,
			);
			runOnlyForDeploymentPostprocessing = 0;
		};
/* End PBXSourcesBuildPhase section */

/* Begin PBXTargetDependency section */
		69DB007D2B0FAF23004A3014 /* PBXTargetDependency */ = {
			isa = PBXTargetDependency;
			target = 69DB00692B0FAF22004A3014 /* SimpleTask */;
			targetProxy = 69DB007C2B0FAF23004A3014 /* PBXContainerItemProxy */;
		};
		69DB00872B0FAF23004A3014 /* PBXTargetDependency */ = {
			isa = PBXTargetDependency;
			target = 69DB00692B0FAF22004A3014 /* SimpleTask */;
			targetProxy = 69DB00862B0FAF23004A3014 /* PBXContainerItemProxy */;
		};
/* End PBXTargetDependency section */

/* Begin XCBuildConfiguration section */
		69DB008D2B0FAF23004A3014 /* Debug */ = {
			isa = XCBuildConfiguration;
			buildSettings = {
				ALWAYS_SEARCH_USER_PATHS = NO;
				ASSETCATALOG_COMPILER_GENERATE_SWIFT_ASSET_SYMBOL_EXTENSIONS = YES;
				CLANG_ANALYZER_NONNULL = YES;
				CLANG_ANALYZER_NUMBER_OBJECT_CONVERSION = YES_AGGRESSIVE;
				CLANG_CXX_LANGUAGE_STANDARD = "gnu++20";
				CLANG_ENABLE_MODULES = YES;
				CLANG_ENABLE_OBJC_ARC = YES;
				CLANG_ENABLE_OBJC_WEAK = YES;
				CLANG_WARN_BLOCK_CAPTURE_AUTORELEASING = YES;
				CLANG_WARN_BOOL_CONVERSION = YES;
				CLANG_WARN_COMMA = YES;
				CLANG_WARN_CONSTANT_CONVERSION = YES;
				CLANG_WARN_DEPRECATED_OBJC_IMPLEMENTATIONS = YES;
				CLANG_WARN_DIRECT_OBJC_ISA_USAGE = YES_ERROR;
				CLANG_WARN_DOCUMENTATION_COMMENTS = YES;
				CLANG_WARN_EMPTY_BODY = YES;
				CLANG_WARN_ENUM_CONVERSION = YES;
				CLANG_WARN_INFINITE_RECURSION = YES;
				CLANG_WARN_INT_CONVERSION = YES;
				CLANG_WARN_NON_LITERAL_NULL_CONVERSION = YES;
				CLANG_WARN_OBJC_IMPLICIT_RETAIN_SELF = YES;
				CLANG_WARN_OBJC_LITERAL_CONVERSION = YES;
				CLANG_WARN_OBJC_ROOT_CLASS = YES_ERROR;
				CLANG_WARN_QUOTED_INCLUDE_IN_FRAMEWORK_HEADER = YES;
				CLANG_WARN_RANGE_LOOP_ANALYSIS = YES;
				CLANG_WARN_STRICT_PROTOTYPES = YES;
				CLANG_WARN_SUSPICIOUS_MOVE = YES;
				CLANG_WARN_UNGUARDED_AVAILABILITY = YES_AGGRESSIVE;
				CLANG_WARN_UNREACHABLE_CODE = YES;
				CLANG_WARN__DUPLICATE_METHOD_MATCH = YES;
				COPY_PHASE_STRIP = NO;
				DEBUG_INFORMATION_FORMAT = dwarf;
				ENABLE_STRICT_OBJC_MSGSEND = YES;
				ENABLE_TESTABILITY = YES;
				ENABLE_USER_SCRIPT_SANDBOXING = YES;
				GCC_C_LANGUAGE_STANDARD = gnu17;
				GCC_DYNAMIC_NO_PIC = NO;
				GCC_NO_COMMON_BLOCKS = YES;
				GCC_OPTIMIZATION_LEVEL = 0;
				GCC_PREPROCESSOR_DEFINITIONS = (
					"DEBUG=1",
					"$(inherited)",
				);
				GCC_WARN_64_TO_32_BIT_CONVERSION = YES;
				GCC_WARN_ABOUT_RETURN_TYPE = YES_ERROR;
				GCC_WARN_UNDECLARED_SELECTOR = YES;
				GCC_WARN_UNINITIALIZED_AUTOS = YES_AGGRESSIVE;
				GCC_WARN_UNUSED_FUNCTION = YES;
				GCC_WARN_UNUSED_VARIABLE = YES;
				LOCALIZATION_PREFERS_STRING_CATALOGS = YES;
				MACOSX_DEPLOYMENT_TARGET = 14.0;
				MTL_ENABLE_DEBUG_INFO = INCLUDE_SOURCE;
				MTL_FAST_MATH = YES;
				ONLY_ACTIVE_ARCH = YES;
				SDKROOT = macosx;
				SWIFT_ACTIVE_COMPILATION_CONDITIONS = "DEBUG $(inherited)";
				SWIFT_OPTIMIZATION_LEVEL = "-Onone";
			};
			name = Debug;
		};
		69DB008E2B0FAF23004A3014 /* Release */ = {
			isa = XCBuildConfiguration;
			buildSettings = {
				ALWAYS_SEARCH_USER_PATHS = NO;
				ASSETCATALOG_COMPILER_GENERATE_SWIFT_ASSET_SYMBOL_EXTENSIONS = YES;
				CLANG_ANALYZER_NONNULL = YES;
				CLANG_ANALYZER_NUMBER_OBJECT_CONVERSION = YES_AGGRESSIVE;
				CLANG_CXX_LANGUAGE_STANDARD = "gnu++20";
				CLANG_ENABLE_MODULES = YES;
				CLANG_ENABLE_OBJC_ARC = YES;
				CLANG_ENABLE_OBJC_WEAK = YES;
				CLANG_WARN_BLOCK_CAPTURE_AUTORELEASING = YES;
				CLANG_WARN_BOOL_CONVERSION = YES;
				CLANG_WARN_COMMA = YES;
				CLANG_WARN_CONSTANT_CONVERSION = YES;
				CLANG_WARN_DEPRECATED_OBJC_IMPLEMENTATIONS = YES;
				CLANG_WARN_DIRECT_OBJC_ISA_USAGE = YES_ERROR;
				CLANG_WARN_DOCUMENTATION_COMMENTS = YES;
				CLANG_WARN_EMPTY_BODY = YES;
				CLANG_WARN_ENUM_CONVERSION = YES;
				CLANG_WARN_INFINITE_RECURSION = YES;
				CLANG_WARN_INT_CONVERSION = YES;
				CLANG_WARN_NON_LITERAL_NULL_CONVERSION = YES;
				CLANG_WARN_OBJC_IMPLICIT_RETAIN_SELF = YES;
				CLANG_WARN_OBJC_LITERAL_CONVERSION = YES;
				CLANG_WARN_OBJC_ROOT_CLASS = YES_ERROR;
				CLANG_WARN_QUOTED_INCLUDE_IN_FRAMEWORK_HEADER = YES;
				CLANG_WARN_RANGE_LOOP_ANALYSIS = YES;
				CLANG_WARN_STRICT_PROTOTYPES = YES;
				CLANG_WARN_SUSPICIOUS_MOVE = YES;
				CLANG_WARN_UNGUARDED_AVAILABILITY = YES_AGGRESSIVE;
				CLANG_WARN_UNREACHABLE_CODE = YES;
				CLANG_WARN__DUPLICATE_METHOD_MATCH = YES;
				COPY_PHASE_STRIP = NO;
				DEBUG_INFORMATION_FORMAT = "dwarf-with-dsym";
				ENABLE_NS_ASSERTIONS = NO;
				ENABLE_STRICT_OBJC_MSGSEND = YES;
				ENABLE_USER_SCRIPT_SANDBOXING = YES;
				GCC_C_LANGUAGE_STANDARD = gnu17;
				GCC_NO_COMMON_BLOCKS = YES;
				GCC_WARN_64_TO_32_BIT_CONVERSION = YES;
				GCC_WARN_ABOUT_RETURN_TYPE = YES_ERROR;
				GCC_WARN_UNDECLARED_SELECTOR = YES;
				GCC_WARN_UNINITIALIZED_AUTOS = YES_AGGRESSIVE;
				GCC_WARN_UNUSED_FUNCTION = YES;
				GCC_WARN_UNUSED_VARIABLE = YES;
				LOCALIZATION_PREFERS_STRING_CATALOGS = YES;
				MACOSX_DEPLOYMENT_TARGET = 14.0;
				MTL_ENABLE_DEBUG_INFO = NO;
				MTL_FAST_MATH = YES;
				SDKROOT = macosx;
				SWIFT_COMPILATION_MODE = wholemodule;
			};
			name = Release;
		};
		69DB00902B0FAF23004A3014 /* Debug */ = {
			isa = XCBuildConfiguration;
			buildSettings = {
				ASSETCATALOG_COMPILER_APPICON_NAME = AppIcon;
				ASSETCATALOG_COMPILER_GLOBAL_ACCENT_COLOR_NAME = AccentColor;
				CODE_SIGN_ENTITLEMENTS = SimpleTask/SimpleTask.entitlements;
				"CODE_SIGN_IDENTITY[sdk=macosx*]" = "Apple Development";
				CODE_SIGN_STYLE = Automatic;
				COMBINE_HIDPI_IMAGES = YES;
				CURRENT_PROJECT_VERSION = 1;
				DEVELOPMENT_ASSET_PATHS = "\"SimpleTask/Preview Content\"";
				DEVELOPMENT_TEAM = Y52LSB67MJ;
				ENABLE_PREVIEWS = YES;
				GENERATE_INFOPLIST_FILE = YES;
				INFOPLIST_KEY_NSHumanReadableCopyright = "";
				LD_RUNPATH_SEARCH_PATHS = (
					"$(inherited)",
					"@executable_path/../Frameworks",
				);
				MARKETING_VERSION = 1.0;
				PRODUCT_BUNDLE_IDENTIFIER = swiftchat.SimpleTask;
				PRODUCT_NAME = "$(TARGET_NAME)";
				SWIFT_EMIT_LOC_STRINGS = YES;
				SWIFT_VERSION = 5.0;
			};
			name = Debug;
		};
		69DB00912B0FAF23004A3014 /* Release */ = {
			isa = XCBuildConfiguration;
			buildSettings = {
				ASSETCATALOG_COMPILER_APPICON_NAME = AppIcon;
				ASSETCATALOG_COMPILER_GLOBAL_ACCENT_COLOR_NAME = AccentColor;
				CODE_SIGN_ENTITLEMENTS = SimpleTask/SimpleTask.entitlements;
				"CODE_SIGN_IDENTITY[sdk=macosx*]" = "Apple Development";
				CODE_SIGN_STYLE = Automatic;
				COMBINE_HIDPI_IMAGES = YES;
				CURRENT_PROJECT_VERSION = 1;
				DEVELOPMENT_ASSET_PATHS = "\"SimpleTask/Preview Content\"";
				DEVELOPMENT_TEAM = Y52LSB67MJ;
				ENABLE_PREVIEWS = YES;
				GENERATE_INFOPLIST_FILE = YES;
				INFOPLIST_KEY_NSHumanReadableCopyright = "";
				LD_RUNPATH_SEARCH_PATHS = (
					"$(inherited)",
					"@executable_path/../Frameworks",
				);
				MARKETING_VERSION = 1.0;
				PRODUCT_BUNDLE_IDENTIFIER = swiftchat.SimpleTask;
				PRODUCT_NAME = "$(TARGET_NAME)";
				SWIFT_EMIT_LOC_STRINGS = YES;
				SWIFT_VERSION = 5.0;
			};
			name = Release;
		};
		69DB00932B0FAF23004A3014 /* Debug */ = {
			isa = XCBuildConfiguration;
			buildSettings = {
				ALWAYS_EMBED_SWIFT_STANDARD_LIBRARIES = YES;
				BUNDLE_LOADER = "$(TEST_HOST)";
				CODE_SIGN_STYLE = Automatic;
				CURRENT_PROJECT_VERSION = 1;
				GENERATE_INFOPLIST_FILE = YES;
				MACOSX_DEPLOYMENT_TARGET = 14.0;
				MARKETING_VERSION = 1.0;
				PRODUCT_BUNDLE_IDENTIFIER = swiftchat.SimpleTaskTests;
				PRODUCT_NAME = "$(TARGET_NAME)";
				SWIFT_EMIT_LOC_STRINGS = NO;
				SWIFT_VERSION = 5.0;
				TEST_HOST = "$(BUILT_PRODUCTS_DIR)/SimpleTask.app/$(BUNDLE_EXECUTABLE_FOLDER_PATH)/SimpleTask";
			};
			name = Debug;
		};
		69DB00942B0FAF23004A3014 /* Release */ = {
			isa = XCBuildConfiguration;
			buildSettings = {
				ALWAYS_EMBED_SWIFT_STANDARD_LIBRARIES = YES;
				BUNDLE_LOADER = "$(TEST_HOST)";
				CODE_SIGN_STYLE = Automatic;
				CURRENT_PROJECT_VERSION = 1;
				GENERATE_INFOPLIST_FILE = YES;
				MACOSX_DEPLOYMENT_TARGET = 14.0;
				MARKETING_VERSION = 1.0;
				PRODUCT_BUNDLE_IDENTIFIER = swiftchat.SimpleTaskTests;
				PRODUCT_NAME = "$(TARGET_NAME)";
				SWIFT_EMIT_LOC_STRINGS = NO;
				SWIFT_VERSION = 5.0;
				TEST_HOST = "$(BUILT_PRODUCTS_DIR)/SimpleTask.app/$(BUNDLE_EXECUTABLE_FOLDER_PATH)/SimpleTask";
			};
			name = Release;
		};
		69DB00962B0FAF23004A3014 /* Debug */ = {
			isa = XCBuildConfiguration;
			buildSettings = {
				ALWAYS_EMBED_SWIFT_STANDARD_LIBRARIES = YES;
				CODE_SIGN_STYLE = Automatic;
				CURRENT_PROJECT_VERSION = 1;
				GENERATE_INFOPLIST_FILE = YES;
				MARKETING_VERSION = 1.0;
				PRODUCT_BUNDLE_IDENTIFIER = swiftchat.SimpleTaskUITests;
				PRODUCT_NAME = "$(TARGET_NAME)";
				SWIFT_EMIT_LOC_STRINGS = NO;
				SWIFT_VERSION = 5.0;
				TEST_TARGET_NAME = SimpleTask;
			};
			name = Debug;
		};
		69DB00972B0FAF23004A3014 /* Release */ = {
			isa = XCBuildConfiguration;
			buildSettings = {
				ALWAYS_EMBED_SWIFT_STANDARD_LIBRARIES = YES;
				CODE_SIGN_STYLE = Automatic;
				CURRENT_PROJECT_VERSION = 1;
				GENERATE_INFOPLIST_FILE = YES;
				MARKETING_VERSION = 1.0;
				PRODUCT_BUNDLE_IDENTIFIER = swiftchat.SimpleTaskUITests;
				PRODUCT_NAME = "$(TARGET_NAME)";
				SWIFT_EMIT_LOC_STRINGS = NO;
				SWIFT_VERSION = 5.0;
				TEST_TARGET_NAME = SimpleTask;
			};
			name = Release;
		};
/* End XCBuildConfiguration section */

/* Begin XCConfigurationList section */
		69DB00652B0FAF22004A3014 /* Build configuration list for PBXProject "SimpleTask" */ = {
			isa = XCConfigurationList;
			buildConfigurations = (
				69DB008D2B0FAF23004A3014 /* Debug */,
				69DB008E2B0FAF23004A3014 /* Release */,
			);
			defaultConfigurationIsVisible = 0;
			defaultConfigurationName = Release;
		};
		69DB008F2B0FAF23004A3014 /* Build configuration list for PBXNativeTarget "SimpleTask" */ = {
			isa = XCConfigurationList;
			buildConfigurations = (
				69DB00902B0FAF23004A3014 /* Debug */,
				69DB00912B0FAF23004A3014 /* Release */,
			);
			defaultConfigurationIsVisible = 0;
			defaultConfigurationName = Release;
		};
		69DB00922B0FAF23004A3014 /* Build configuration list for PBXNativeTarget "SimpleTaskTests" */ = {
			isa = XCConfigurationList;
			buildConfigurations = (
				69DB00932B0FAF23004A3014 /* Debug */,
				69DB00942B0FAF23004A3014 /* Release */,
			);
			defaultConfigurationIsVisible = 0;
			defaultConfigurationName = Release;
		};
		69DB00952B0FAF23004A3014 /* Build configuration list for PBXNativeTarget "SimpleTaskUITests" */ = {
			isa = XCConfigurationList;
			buildConfigurations = (
				69DB00962B0FAF23004A3014 /* Debug */,
				69DB00972B0FAF23004A3014 /* Release */,
			);
			defaultConfigurationIsVisible = 0;
			defaultConfigurationName = Release;
		};
/* End XCConfigurationList section */
	};
	rootObject = 69DB00622B0FAF22004A3014 /* Project object */;
}
